
Microsoft Visual Studio Solution File, Format Version 12.00
# Visual Studio Version 17
VisualStudioVersion = 17.4.33122.133
MinimumVisualStudioVersion = 10.0.40219.1
Project("{FAE04EC0-301F-11D3-BF4B-00C04F79EFBC}") = "Module16", "Module16\Module16.csproj", "{5F0F6ECC-D82A-46E0-BC3D-16A573FE8C89}"
EndProject
Project("{FAE04EC0-301F-11D3-BF4B-00C04F79EFBC}") = "Module16.Tests", "Module16.Tests\Module16.Tests.csproj", "{40B5371D-3990-44DB-AA05-CE82DA1AC161}"
EndProject
Global
	GlobalSection(SolutionConfigurationPlatforms) = preSolution
		Debug|Any CPU = Debug|Any CPU
		Release|Any CPU = Release|Any CPU
	EndGlobalSection
	GlobalSection(ProjectConfigurationPlatforms) = postSolution
		{5F0F6ECC-D82A-46E0-BC3D-16A573FE8C89}.Debug|Any CPU.ActiveCfg = Debug|Any CPU
		{5F0F6ECC-D82A-46E0-BC3D-16A573FE8C89}.Debug|Any CPU.Build.0 = Debug|Any CPU
		{5F0F6ECC-D82A-46E0-BC3D-16A573FE8C89}.Release|Any CPU.ActiveCfg = Release|Any CPU
		{5F0F6ECC-D82A-46E0-BC3D-16A573FE8C89}.Release|Any CPU.Build.0 = Release|Any CPU
		{40B5371D-3990-44DB-AA05-CE82DA1AC161}.Debug|Any CPU.ActiveCfg = Debug|Any CPU
		{40B5371D-3990-44DB-AA05-CE82DA1AC161}.Debug|Any CPU.Build.0 = Debug|Any CPU
		{40B5371D-3990-44DB-AA05-CE82DA1AC161}.Release|Any CPU.ActiveCfg = Release|Any CPU
		{40B5371D-3990-44DB-AA05-CE82DA1AC161}.Release|Any CPU.Build.0 = Release|Any CPU
	EndGlobalSection
	GlobalSection(SolutionProperties) = preSolution
		HideSolutionNode = FALSE
	EndGlobalSection
	GlobalSection(ExtensibilityGlobals) = postSolution
		SolutionGuid = {699B7107-D226-468F-B4AF-959AE2832E11}
	EndGlobalSection
EndGlobal
